// !$*UTF8*$!
{
	archiveVersion = 1;
	classes = {
	};
	objectVersion = 45;
	objects = {

/* Begin PBXBuildFile section */
		1B26781E0DA2F9B000B24DA5 /* icon.png in Resources */ = {isa = PBXBuildFile; fileRef = 1B26781D0DA2F9B000B24DA5 /* icon.png */; };
		1BF3A1360DA68E6200C48976 /* ReadMe.txt in Resources */ = {isa = PBXBuildFile; fileRef = 1BF3A1350DA68E6200C48976 /* ReadMe.txt */; };
		1D3623EC0D0F72F000981E51 /* CoreGraphics.framework in Frameworks */ = {isa = PBXBuildFile; fileRef = 1D3623EB0D0F72F000981E51 /* CoreGraphics.framework */; };
		1D60589F0D05DD5A006BFB54 /* Foundation.framework in Frameworks */ = {isa = PBXBuildFile; fileRef = 1D30AB110D05D00D00671497 /* Foundation.framework */; };
		1DF5F4E00D08C38300B7A737 /* UIKit.framework in Frameworks */ = {isa = PBXBuildFile; fileRef = 1DF5F4DF0D08C38300B7A737 /* UIKit.framework */; };
		2D500B940D5A79C200DBA0E3 /* OpenGLES.framework in Frameworks */ = {isa = PBXBuildFile; fileRef = 2D500B920D5A79C200DBA0E3 /* OpenGLES.framework */; };
		2D500B9A0D5A79CF00DBA0E3 /* QuartzCore.framework in Frameworks */ = {isa = PBXBuildFile; fileRef = 2D500B990D5A79CF00DBA0E3 /* QuartzCore.framework */; };
		791406400DBAD75200C9A379 /* Delegate.mm in Sources */ = {isa = PBXBuildFile; fileRef = 7914063F0DBAD75200C9A379 /* Delegate.mm */; };
		79235D500DAD2BEA00F918F8 /* Application.mm in Sources */ = {isa = PBXBuildFile; fileRef = 79235D4F0DAD2BEA00F918F8 /* Application.mm */; };
		79235D950DAD3D5100F918F8 /* GraphicsServices.framework in Frameworks */ = {isa = PBXBuildFile; fileRef = 79235D940DAD3D5100F918F8 /* GraphicsServices.framework */; };
		7925D1270DC1B5C600EC1BDC /* ResourceFile.cpp in Sources */ = {isa = PBXBuildFile; fileRef = 7925D1210DC1B5C600EC1BDC /* ResourceFile.cpp */; };
		7925D1280DC1B5C600EC1BDC /* Streaming.cpp in Sources */ = {isa = PBXBuildFile; fileRef = 7925D1230DC1B5C600EC1BDC /* Streaming.cpp */; };
		799954B90DCCC6850020F76F /* RotateObject.mm in Sources */ = {isa = PBXBuildFile; fileRef = 799954B80DCCC6850020F76F /* RotateObject.mm */; };
		79C65FA90DBA69B4009DA546 /* FixedPoint.cpp in Sources */ = {isa = PBXBuildFile; fileRef = 79C65F750DBA69B4009DA546 /* FixedPoint.cpp */; };
		79C65FAA0DBA69B4009DA546 /* MatrixF.cpp in Sources */ = {isa = PBXBuildFile; fileRef = 79C65F7A0DBA69B4009DA546 /* MatrixF.cpp */; };
		79C65FAB0DBA69B4009DA546 /* MatrixX.cpp in Sources */ = {isa = PBXBuildFile; fileRef = 79C65F7B0DBA69B4009DA546 /* MatrixX.cpp */; };
		79C65FAC0DBA69B4009DA546 /* Transform.cpp in Sources */ = {isa = PBXBuildFile; fileRef = 79C65F7D0DBA69B4009DA546 /* Transform.cpp */; };
		79C65FAF0DBA69B4009DA546 /* EAGLView.m in Sources */ = {isa = PBXBuildFile; fileRef = 79C65F8A0DBA69B4009DA546 /* EAGLView.m */; };
		79C65FB00DBA69B4009DA546 /* Texture.cpp in Sources */ = {isa = PBXBuildFile; fileRef = 79C65F8C0DBA69B4009DA546 /* Texture.cpp */; };
		79C65FB10DBA69B4009DA546 /* DisplayText.cpp in Sources */ = {isa = PBXBuildFile; fileRef = 79C65F8F0DBA69B4009DA546 /* DisplayText.cpp */; };
		79C65FB20DBA69B4009DA546 /* DisplayTextAPI.cpp in Sources */ = {isa = PBXBuildFile; fileRef = 79C65F910DBA69B4009DA546 /* DisplayTextAPI.cpp */; };
		79C65FC40DBA69F4009DA546 /* main.m in Sources */ = {isa = PBXBuildFile; fileRef = 79C65FC20DBA69F4009DA546 /* main.m */; };
		79EA07100DAFF0550038ED3D /* Default.png in Resources */ = {isa = PBXBuildFile; fileRef = 79EA070F0DAFF0550038ED3D /* Default.png */; };
/* End PBXBuildFile section */

/* Begin PBXFileReference section */
		1B26781D0DA2F9B000B24DA5 /* icon.png */ = {isa = PBXFileReference; lastKnownFileType = image.png; path = icon.png; sourceTree = "<group>"; };
		1BF3A1350DA68E6200C48976 /* ReadMe.txt */ = {isa = PBXFileReference; fileEncoding = 4; lastKnownFileType = text; path = ReadMe.txt; sourceTree = "<group>"; };
		1D30AB110D05D00D00671497 /* Foundation.framework */ = {isa = PBXFileReference; lastKnownFileType = wrapper.framework; name = Foundation.framework; path = System/Library/Frameworks/Foundation.framework; sourceTree = SDKROOT; };
		1D3623EB0D0F72F000981E51 /* CoreGraphics.framework */ = {isa = PBXFileReference; lastKnownFileType = wrapper.framework; name = CoreGraphics.framework; path = System/Library/Frameworks/CoreGraphics.framework; sourceTree = SDKROOT; };
		1D6058910D05DD3D006BFB54 /* RotateObject.app */ = {isa = PBXFileReference; explicitFileType = wrapper.application; includeInIndex = 0; path = RotateObject.app; sourceTree = BUILT_PRODUCTS_DIR; };
		1DF5F4DF0D08C38300B7A737 /* UIKit.framework */ = {isa = PBXFileReference; lastKnownFileType = wrapper.framework; name = UIKit.framework; path = System/Library/Frameworks/UIKit.framework; sourceTree = SDKROOT; };
		2D500B920D5A79C200DBA0E3 /* OpenGLES.framework */ = {isa = PBXFileReference; lastKnownFileType = wrapper.framework; name = OpenGLES.framework; path = System/Library/Frameworks/OpenGLES.framework; sourceTree = SDKROOT; };
		2D500B990D5A79CF00DBA0E3 /* QuartzCore.framework */ = {isa = PBXFileReference; lastKnownFileType = wrapper.framework; name = QuartzCore.framework; path = System/Library/Frameworks/QuartzCore.framework; sourceTree = SDKROOT; };
		7914063E0DBAD75200C9A379 /* Delegate.h */ = {isa = PBXFileReference; fileEncoding = 4; lastKnownFileType = sourcecode.c.h; path = Delegate.h; sourceTree = "<group>"; };
		7914063F0DBAD75200C9A379 /* Delegate.mm */ = {isa = PBXFileReference; fileEncoding = 4; lastKnownFileType = sourcecode.cpp.objcpp; path = Delegate.mm; sourceTree = "<group>"; };
		79235D4F0DAD2BEA00F918F8 /* Application.mm */ = {isa = PBXFileReference; fileEncoding = 4; lastKnownFileType = sourcecode.cpp.objcpp; path = Application.mm; sourceTree = "<group>"; };
		79235D940DAD3D5100F918F8 /* GraphicsServices.framework */ = {isa = PBXFileReference; lastKnownFileType = wrapper.framework; name = GraphicsServices.framework; path = System/Library/PrivateFrameworks/GraphicsServices.framework; sourceTree = SDKROOT; };
		7925D1200DC1B5C600EC1BDC /* MemoryFile.h */ = {isa = PBXFileReference; fileEncoding = 4; lastKnownFileType = sourcecode.c.h; path = MemoryFile.h; sourceTree = "<group>"; };
		7925D1210DC1B5C600EC1BDC /* ResourceFile.cpp */ = {isa = PBXFileReference; fileEncoding = 4; lastKnownFileType = sourcecode.cpp.cpp; path = ResourceFile.cpp; sourceTree = "<group>"; };
		7925D1220DC1B5C600EC1BDC /* ResourceFile.h */ = {isa = PBXFileReference; fileEncoding = 4; lastKnownFileType = sourcecode.c.h; path = ResourceFile.h; sourceTree = "<group>"; };
		7925D1230DC1B5C600EC1BDC /* Streaming.cpp */ = {isa = PBXFileReference; fileEncoding = 4; lastKnownFileType = sourcecode.cpp.cpp; path = Streaming.cpp; sourceTree = "<group>"; };
		7925D1240DC1B5C600EC1BDC /* Streaming.h */ = {isa = PBXFileReference; fileEncoding = 4; lastKnownFileType = sourcecode.c.h; path = Streaming.h; sourceTree = "<group>"; };
		799954B70DCCC6850020F76F /* RotateObject.h */ = {isa = PBXFileReference; fileEncoding = 4; lastKnownFileType = sourcecode.c.h; path = RotateObject.h; sourceTree = "<group>"; };
		799954B80DCCC6850020F76F /* RotateObject.mm */ = {isa = PBXFileReference; fileEncoding = 4; lastKnownFileType = sourcecode.cpp.objcpp; path = RotateObject.mm; sourceTree = "<group>"; };
		79C65F750DBA69B4009DA546 /* FixedPoint.cpp */ = {isa = PBXFileReference; fileEncoding = 4; lastKnownFileType = sourcecode.cpp.cpp; path = FixedPoint.cpp; sourceTree = "<group>"; };
		79C65F760DBA69B4009DA546 /* FixedPoint.h */ = {isa = PBXFileReference; fileEncoding = 4; lastKnownFileType = sourcecode.c.h; path = FixedPoint.h; sourceTree = "<group>"; };
		79C65F770DBA69B4009DA546 /* FixedPointAPI.h */ = {isa = PBXFileReference; fileEncoding = 4; lastKnownFileType = sourcecode.c.h; path = FixedPointAPI.h; sourceTree = "<group>"; };
		79C65F780DBA69B4009DA546 /* MathTable.h */ = {isa = PBXFileReference; fileEncoding = 4; lastKnownFileType = sourcecode.c.h; path = MathTable.h; sourceTree = "<group>"; };
		79C65F790DBA69B4009DA546 /* Matrix.h */ = {isa = PBXFileReference; fileEncoding = 4; lastKnownFileType = sourcecode.c.h; path = Matrix.h; sourceTree = "<group>"; };
		79C65F7A0DBA69B4009DA546 /* MatrixF.cpp */ = {isa = PBXFileReference; fileEncoding = 4; lastKnownFileType = sourcecode.cpp.cpp; path = MatrixF.cpp; sourceTree = "<group>"; };
		79C65F7B0DBA69B4009DA546 /* MatrixX.cpp */ = {isa = PBXFileReference; fileEncoding = 4; lastKnownFileType = sourcecode.cpp.cpp; path = MatrixX.cpp; sourceTree = "<group>"; };
		79C65F7C0DBA69B4009DA546 /* Quaternion.h */ = {isa = PBXFileReference; fileEncoding = 4; lastKnownFileType = sourcecode.c.h; path = Quaternion.h; sourceTree = "<group>"; };
		79C65F7D0DBA69B4009DA546 /* Transform.cpp */ = {isa = PBXFileReference; fileEncoding = 4; lastKnownFileType = sourcecode.cpp.cpp; path = Transform.cpp; sourceTree = "<group>"; };
		79C65F7E0DBA69B4009DA546 /* Transform.h */ = {isa = PBXFileReference; fileEncoding = 4; lastKnownFileType = sourcecode.c.h; path = Transform.h; sourceTree = "<group>"; };
		79C65F7F0DBA69B4009DA546 /* Vector.h */ = {isa = PBXFileReference; fileEncoding = 4; lastKnownFileType = sourcecode.c.h; path = Vector.h; sourceTree = "<group>"; };
		79C65F890DBA69B4009DA546 /* EAGLView.h */ = {isa = PBXFileReference; fileEncoding = 4; lastKnownFileType = sourcecode.c.h; path = EAGLView.h; sourceTree = "<group>"; };
		79C65F8A0DBA69B4009DA546 /* EAGLView.m */ = {isa = PBXFileReference; fileEncoding = 4; lastKnownFileType = sourcecode.c.objc; path = EAGLView.m; sourceTree = "<group>"; };
		79C65F8B0DBA69B4009DA546 /* OpenGL_Internal.h */ = {isa = PBXFileReference; fileEncoding = 4; lastKnownFileType = sourcecode.c.h; path = OpenGL_Internal.h; sourceTree = "<group>"; };
		79C65F8C0DBA69B4009DA546 /* Texture.cpp */ = {isa = PBXFileReference; fileEncoding = 4; lastKnownFileType = sourcecode.cpp.cpp; path = Texture.cpp; sourceTree = "<group>"; };
		79C65F8D0DBA69B4009DA546 /* Texture.h */ = {isa = PBXFileReference; fileEncoding = 4; lastKnownFileType = sourcecode.c.h; path = Texture.h; sourceTree = "<group>"; };
		79C65F8F0DBA69B4009DA546 /* DisplayText.cpp */ = {isa = PBXFileReference; fileEncoding = 4; lastKnownFileType = sourcecode.cpp.cpp; path = DisplayText.cpp; sourceTree = "<group>"; };
		79C65F900DBA69B4009DA546 /* DisplayText.h */ = {isa = PBXFileReference; fileEncoding = 4; lastKnownFileType = sourcecode.c.h; path = DisplayText.h; sourceTree = "<group>"; };
		79C65F910DBA69B4009DA546 /* DisplayTextAPI.cpp */ = {isa = PBXFileReference; fileEncoding = 4; lastKnownFileType = sourcecode.cpp.cpp; path = DisplayTextAPI.cpp; sourceTree = "<group>"; };
		79C65F920DBA69B4009DA546 /* DisplayTextdat.h */ = {isa = PBXFileReference; fileEncoding = 4; lastKnownFileType = sourcecode.c.h; path = DisplayTextdat.h; sourceTree = "<group>"; };
		79C65FBF0DBA69F4009DA546 /* Application.h */ = {isa = PBXFileReference; fileEncoding = 4; lastKnownFileType = sourcecode.c.h; path = Application.h; sourceTree = "<group>"; };
		79C65FC20DBA69F4009DA546 /* main.m */ = {isa = PBXFileReference; fileEncoding = 4; lastKnownFileType = sourcecode.c.objc; path = main.m; sourceTree = "<group>"; };
		79EA070F0DAFF0550038ED3D /* Default.png */ = {isa = PBXFileReference; lastKnownFileType = image.png; path = Default.png; sourceTree = "<group>"; };
		8D1107310486CEB800E47090 /* Info.plist */ = {isa = PBXFileReference; fileEncoding = 4; lastKnownFileType = text.plist.xml; path = Info.plist; sourceTree = "<group>"; };
/* End PBXFileReference section */

/* Begin PBXFrameworksBuildPhase section */
		1D60588F0D05DD3D006BFB54 /* Frameworks */ = {
			isa = PBXFrameworksBuildPhase;
			buildActionMask = 2147483647;
			files = (
				1D60589F0D05DD5A006BFB54 /* Foundation.framework in Frameworks */,
				1DF5F4E00D08C38300B7A737 /* UIKit.framework in Frameworks */,
				1D3623EC0D0F72F000981E51 /* CoreGraphics.framework in Frameworks */,
				2D500B940D5A79C200DBA0E3 /* OpenGLES.framework in Frameworks */,
				2D500B9A0D5A79CF00DBA0E3 /* QuartzCore.framework in Frameworks */,
				79235D950DAD3D5100F918F8 /* GraphicsServices.framework in Frameworks */,
			);
			runOnlyForDeploymentPostprocessing = 0;
		};
/* End PBXFrameworksBuildPhase section */

/* Begin PBXGroup section */
		19C28FACFE9D520D11CA2CBB /* Products */ = {
			isa = PBXGroup;
			children = (
				1D6058910D05DD3D006BFB54 /* RotateObject.app */,
			);
			name = Products;
			sourceTree = "<group>";
		};
		29B97314FDCFA39411CA2CEA /* CustomTemplate */ = {
			isa = PBXGroup;
			children = (
				7914063E0DBAD75200C9A379 /* Delegate.h */,
				7914063F0DBAD75200C9A379 /* Delegate.mm */,
				79235D4F0DAD2BEA00F918F8 /* Application.mm */,
				1BF3A1350DA68E6200C48976 /* ReadMe.txt */,
				2D500B1D0D5A766B00DBA0E3 /* Classes */,
				2D500B6F0D5A793600DBA0E3 /* Support */,
				29B97315FDCFA39411CA2CEA /* Other Sources */,
				29B97317FDCFA39411CA2CEA /* Resources */,
				29B97323FDCFA39411CA2CEA /* Frameworks */,
				19C28FACFE9D520D11CA2CBB /* Products */,
			);
			name = CustomTemplate;
			sourceTree = "<group>";
		};
		29B97315FDCFA39411CA2CEA /* Other Sources */ = {
			isa = PBXGroup;
			children = (
			);
			name = "Other Sources";
			sourceTree = "<group>";
		};
		29B97317FDCFA39411CA2CEA /* Resources */ = {
			isa = PBXGroup;
			children = (
				1B26781D0DA2F9B000B24DA5 /* icon.png */,
				8D1107310486CEB800E47090 /* Info.plist */,
				79EA070F0DAFF0550038ED3D /* Default.png */,
			);
			name = Resources;
			sourceTree = "<group>";
		};
		29B97323FDCFA39411CA2CEA /* Frameworks */ = {
			isa = PBXGroup;
			children = (
				79235D940DAD3D5100F918F8 /* GraphicsServices.framework */,
				1D3623EB0D0F72F000981E51 /* CoreGraphics.framework */,
				2D500B990D5A79CF00DBA0E3 /* QuartzCore.framework */,
				2D500B920D5A79C200DBA0E3 /* OpenGLES.framework */,
				1DF5F4DF0D08C38300B7A737 /* UIKit.framework */,
				1D30AB110D05D00D00671497 /* Foundation.framework */,
			);
			name = Frameworks;
			sourceTree = "<group>";
		};
		2D500B1D0D5A766B00DBA0E3 /* Classes */ = {
			isa = PBXGroup;
			children = (
				7925D11F0DC1B5C600EC1BDC /* Resource */,
				79C65FBE0DBA69F4009DA546 /* Application */,
				79C65F740DBA69B4009DA546 /* Math */,
				79C65F800DBA69B4009DA546 /* Renderer */,
			);
			name = Classes;
			sourceTree = "<group>";
		};
		2D500B6F0D5A793600DBA0E3 /* Support */ = {
			isa = PBXGroup;
			children = (
			);
			name = Support;
			sourceTree = "<group>";
		};
		7925D11F0DC1B5C600EC1BDC /* Resource */ = {
			isa = PBXGroup;
			children = (
				7925D1200DC1B5C600EC1BDC /* MemoryFile.h */,
				7925D1210DC1B5C600EC1BDC /* ResourceFile.cpp */,
				7925D1220DC1B5C600EC1BDC /* ResourceFile.h */,
				7925D1230DC1B5C600EC1BDC /* Streaming.cpp */,
				7925D1240DC1B5C600EC1BDC /* Streaming.h */,
			);
			name = Resource;
			path = ../../../../Renderer/Resource;
			sourceTree = SOURCE_ROOT;
		};
		79C65F740DBA69B4009DA546 /* Math */ = {
			isa = PBXGroup;
			children = (
				79C65F750DBA69B4009DA546 /* FixedPoint.cpp */,
				79C65F760DBA69B4009DA546 /* FixedPoint.h */,
				79C65F770DBA69B4009DA546 /* FixedPointAPI.h */,
				79C65F780DBA69B4009DA546 /* MathTable.h */,
				79C65F790DBA69B4009DA546 /* Matrix.h */,
				79C65F7A0DBA69B4009DA546 /* MatrixF.cpp */,
				79C65F7B0DBA69B4009DA546 /* MatrixX.cpp */,
				79C65F7C0DBA69B4009DA546 /* Quaternion.h */,
				79C65F7D0DBA69B4009DA546 /* Transform.cpp */,
				79C65F7E0DBA69B4009DA546 /* Transform.h */,
				79C65F7F0DBA69B4009DA546 /* Vector.h */,
			);
			name = Math;
			path = ../../../../Math;
			sourceTree = SOURCE_ROOT;
		};
		79C65F800DBA69B4009DA546 /* Renderer */ = {
			isa = PBXGroup;
			children = (
				79C65F810DBA69B4009DA546 /* Camera */,
				79C65F840DBA69B4009DA546 /* Core */,
			);
			name = Renderer;
			path = ../../../../Renderer;
			sourceTree = SOURCE_ROOT;
		};
		79C65F810DBA69B4009DA546 /* Camera */ = {
			isa = PBXGroup;
			children = (
				799954B70DCCC6850020F76F /* RotateObject.h */,
				799954B80DCCC6850020F76F /* RotateObject.mm */,
			);
			path = Camera;
			sourceTree = "<group>";
		};
		79C65F840DBA69B4009DA546 /* Core */ = {
			isa = PBXGroup;
			children = (
				79C65F850DBA69B4009DA546 /* GraphicsDevice */,
				79C65F8E0DBA69B4009DA546 /* UI */,
			);
			path = Core;
			sourceTree = "<group>";
		};
		79C65F850DBA69B4009DA546 /* GraphicsDevice */ = {
			isa = PBXGroup;
			children = (
				79C65F880DBA69B4009DA546 /* OS2x */,
				79C65F8C0DBA69B4009DA546 /* Texture.cpp */,
				79C65F8D0DBA69B4009DA546 /* Texture.h */,
			);
			path = GraphicsDevice;
			sourceTree = "<group>";
		};
		79C65F880DBA69B4009DA546 /* OS2x */ = {
			isa = PBXGroup;
			children = (
				79C65F890DBA69B4009DA546 /* EAGLView.h */,
				79C65F8A0DBA69B4009DA546 /* EAGLView.m */,
				79C65F8B0DBA69B4009DA546 /* OpenGL_Internal.h */,
			);
			path = OS2x;
			sourceTree = "<group>";
		};
		79C65F8E0DBA69B4009DA546 /* UI */ = {
			isa = PBXGroup;
			children = (
				79C65F8F0DBA69B4009DA546 /* DisplayText.cpp */,
				79C65F900DBA69B4009DA546 /* DisplayText.h */,
				79C65F910DBA69B4009DA546 /* DisplayTextAPI.cpp */,
				79C65F920DBA69B4009DA546 /* DisplayTextdat.h */,
			);
			path = UI;
			sourceTree = "<group>";
		};
		79C65FBE0DBA69F4009DA546 /* Application */ = {
			isa = PBXGroup;
			children = (
				79C65FBF0DBA69F4009DA546 /* Application.h */,
				79C65FC20DBA69F4009DA546 /* main.m */,
			);
			name = Application;
			path = ../../../../Application;
			sourceTree = SOURCE_ROOT;
		};
/* End PBXGroup section */

/* Begin PBXNativeTarget section */
		1D6058900D05DD3D006BFB54 /* RotateObject */ = {
			isa = PBXNativeTarget;
			buildConfigurationList = 1D6058960D05DD3E006BFB54 /* Build configuration list for PBXNativeTarget "RotateObject" */;
			buildPhases = (
				1D60588D0D05DD3D006BFB54 /* Resources */,
				1D60588E0D05DD3D006BFB54 /* Sources */,
				1D60588F0D05DD3D006BFB54 /* Frameworks */,
			);
			buildRules = (
			);
			dependencies = (
			);
			name = RotateObject;
			productName = foo;
			productReference = 1D6058910D05DD3D006BFB54 /* RotateObject.app */;
			productType = "com.apple.product-type.application";
		};
/* End PBXNativeTarget section */

/* Begin PBXProject section */
		29B97313FDCFA39411CA2CEA /* Project object */ = {
			isa = PBXProject;
			buildConfigurationList = C01FCF4E08A954540054247B /* Build configuration list for PBXProject "RotateObject" */;
			compatibilityVersion = "Xcode 3.1";
			hasScannedForEncodings = 1;
			mainGroup = 29B97314FDCFA39411CA2CEA /* CustomTemplate */;
			projectDirPath = "";
			projectRoot = "";
			targets = (
				1D6058900D05DD3D006BFB54 /* RotateObject */,
			);
		};
/* End PBXProject section */

/* Begin PBXResourcesBuildPhase section */
		1D60588D0D05DD3D006BFB54 /* Resources */ = {
			isa = PBXResourcesBuildPhase;
			buildActionMask = 2147483647;
			files = (
				1B26781E0DA2F9B000B24DA5 /* icon.png in Resources */,
				1BF3A1360DA68E6200C48976 /* ReadMe.txt in Resources */,
				79EA07100DAFF0550038ED3D /* Default.png in Resources */,
			);
			runOnlyForDeploymentPostprocessing = 0;
		};
/* End PBXResourcesBuildPhase section */

/* Begin PBXSourcesBuildPhase section */
		1D60588E0D05DD3D006BFB54 /* Sources */ = {
			isa = PBXSourcesBuildPhase;
			buildActionMask = 2147483647;
			files = (
				79235D500DAD2BEA00F918F8 /* Application.mm in Sources */,
				79C65FA90DBA69B4009DA546 /* FixedPoint.cpp in Sources */,
				79C65FAA0DBA69B4009DA546 /* MatrixF.cpp in Sources */,
				79C65FAB0DBA69B4009DA546 /* MatrixX.cpp in Sources */,
				79C65FAC0DBA69B4009DA546 /* Transform.cpp in Sources */,
				79C65FAF0DBA69B4009DA546 /* EAGLView.m in Sources */,
				79C65FB00DBA69B4009DA546 /* Texture.cpp in Sources */,
				79C65FB10DBA69B4009DA546 /* DisplayText.cpp in Sources */,
				79C65FB20DBA69B4009DA546 /* DisplayTextAPI.cpp in Sources */,
				79C65FC40DBA69F4009DA546 /* main.m in Sources */,
				791406400DBAD75200C9A379 /* Delegate.mm in Sources */,
				7925D1270DC1B5C600EC1BDC /* ResourceFile.cpp in Sources */,
				7925D1280DC1B5C600EC1BDC /* Streaming.cpp in Sources */,
				799954B90DCCC6850020F76F /* RotateObject.mm in Sources */,
			);
			runOnlyForDeploymentPostprocessing = 0;
		};
/* End PBXSourcesBuildPhase section */

/* Begin XCBuildConfiguration section */
		1D6058940D05DD3E006BFB54 /* Debug */ = {
			isa = XCBuildConfiguration;
			buildSettings = {
				ALWAYS_SEARCH_USER_PATHS = NO;
				CODE_SIGN_IDENTITY = "Wolfgang Engel";
				COPY_PHASE_STRIP = NO;
				DEBUG_INFORMATION_FORMAT = "dwarf-with-dsym";
				FRAMEWORK_SEARCH_PATHS = (
					"$(inherited)",
					"\"$(SDKROOT)$(SYSTEM_LIBRARY_DIR)/PrivateFrameworks\"",
				);
				GCC_DYNAMIC_NO_PIC = NO;
				GCC_ENABLE_FIX_AND_CONTINUE = NO;
				GCC_OPTIMIZATION_LEVEL = 0;
				GCC_PRECOMPILE_PREFIX_HEADER = YES;
				GCC_PREFIX_HEADER = Prefix.pch;
				HEADER_SEARCH_PATHS = ../../../../Include;
				INFOPLIST_FILE = Info.plist;
				PREBINDING = NO;
				PRODUCT_NAME = RotateObject;
				WARNING_CFLAGS = "-Wall";
			};
			name = Debug;
		};
		1D6058950D05DD3E006BFB54 /* Release */ = {
			isa = XCBuildConfiguration;
			buildSettings = {
				ALWAYS_SEARCH_USER_PATHS = NO;
				COPY_PHASE_STRIP = YES;
				DEBUG_INFORMATION_FORMAT = "dwarf-with-dsym";
				FRAMEWORK_SEARCH_PATHS = (
					"$(inherited)",
					"\"$(SDKROOT)$(SYSTEM_LIBRARY_DIR)/PrivateFrameworks\"",
				);
				GCC_ENABLE_FIX_AND_CONTINUE = NO;
				GCC_PRECOMPILE_PREFIX_HEADER = YES;
				GCC_PREFIX_HEADER = Prefix.pch;
				INFOPLIST_FILE = Info.plist;
				PREBINDING = NO;
				PRODUCT_NAME = PolarCamera;
				WARNING_CFLAGS = "-Wall";
			};
			name = Release;
		};
		C01FCF4F08A954540054247B /* Debug */ = {
			isa = XCBuildConfiguration;
			buildSettings = {
				ARCHS = "$(ARCHS_STANDARD_32_BIT)";
				ONLY_ACTIVE_ARCH = YES;
				SDKROOT = iphoneos2.0;
			};
			name = Debug;
		};
		C01FCF5008A954540054247B /* Release */ = {
			isa = XCBuildConfiguration;
			buildSettings = {
				ARCHS = "$(ARCHS_STANDARD_32_BIT)";
				HEADER_SEARCH_PATHS = ../../../../Include;
				SDKROOT = iphoneos2.0;
			};
			name = Release;
		};
/* End XCBuildConfiguration section */

/* Begin XCConfigurationList section */
		1D6058960D05DD3E006BFB54 /* Build configuration list for PBXNativeTarget "RotateObject" */ = {
			isa = XCConfigurationList;
			buildConfigurations = (
				1D6058940D05DD3E006BFB54 /* Debug */,
				1D6058950D05DD3E006BFB54 /* Release */,
			);
			defaultConfigurationIsVisible = 0;
			defaultConfigurationName = Release;
		};
		C01FCF4E08A954540054247B /* Build configuration list for PBXProject "RotateObject" */ = {
			isa = XCConfigurationList;
			buildConfigurations = (
				C01FCF4F08A954540054247B /* Debug */,
				C01FCF5008A954540054247B /* Release */,
			);
			defaultConfigurationIsVisible = 0;
			defaultConfigurationName = Release;
		};
/* End XCConfigurationList section */
	};
	rootObject = 29B97313FDCFA39411CA2CEA /* Project object */;
}
